GEM
  remote: https://rubygems.org/
  specs:
    concurrent-ruby (1.3.8)
    connection_pool (3.0.2)
    dotenv (3.2.0)
    faker (3.8.0)
      i18n (>= 1.8.11, < 2)
    i18n (1.15.2)
      concurrent-ruby (~> 1.0)
    nio4r (2.7.5)
    psych (3.3.4)
    puma (8.0.2)
      nio4r (~> 2.0)
    rack (2.2.24)
    redis (6.0.0)
      redis-client (= 0.30.1)
    redis-client (0.30.1)
      connection_pool

PLATFORMS
  x86_64-linux-gnu

DEPENDENCIES
  bundler (>= 2.0)
  dotenv
  faker (~> 3.0)
  psych (~> 3.3)
  puma
  rack (~> 2.2)
  redis

BUNDLED WITH
   2.4.20
